<?xml version="1.0" encoding="utf-8"?>
<Project ToolsVersion="4.0" xmlns="http://schemas.microsoft.com/developer/msbuild/2003">
  <ItemGroup>
    <Filter Include="Source Files">
      <UniqueIdentifier>{4FC737F1-C7A5-4376-A066-2A32D752A2FF}</UniqueIdentifier>
      <Extensions>cpp;c;cc;cxx;def;odl;idl;hpj;bat;asm;asmx</Extensions>
    </Filter>
    <Filter Include="Header Files">
      <UniqueIdentifier>{93995380-89BD-4b04-88EB-625FBE52EBFB}</UniqueIdentifier>
      <Extensions>h;hh;hpp;hxx;hm;inl;inc;xsd</Extensions>
    </Filter>
    <Filter Include="Resource Files">
      <UniqueIdentifier>{67DA6AB6-F800-4c08-8B7A-83BB121AAD01}</UniqueIdentifier>
      <Extensions>rc;ico;cur;bmp;dlg;rc2;rct;bin;rgs;gif;jpg;jpeg;jpe;resx;tiff;tif;png;wav;mfcribbon-ms</Extensions>
    </Filter>
  </ItemGroup>
  <ItemGroup>
    <ClCompile Include="main.cpp">
      <Filter>Source Files</Filter>
    </ClCompile>
    <ClCompile Include="ybImage.cpp">
      <Filter>Source Files</Filter>
    </ClCompile>
    <ClCompile Include="ybDebug.cpp">
      <Filter>Source Files</Filter>
    </ClCompile>
    <ClCompile Include="ybImageIterator.cpp">
      <Filter>Source Files</Filter>
    </ClCompile>
    <ClCompile Include="ybMemory.cpp">
      <Filter>Source Files</Filter>
    </ClCompile>
    <ClCompile Include="ybImageIOManager.cpp">
      <Filter>Source Files</Filter>
    </ClCompile>
    <ClCompile Include="ybFileHandle.cpp">
      <Filter>Source Files</Filter>
    </ClCompile>
    <ClCompile Include="ybBMPImageIO.cpp">
      <Filter>Source Files</Filter>
    </ClCompile>
  </ItemGroup>
  <ItemGroup>
    <ClInclude Include="ybImage.h">
      <Filter>Header Files</Filter>
    </ClInclude>
    <ClInclude Include="ybBasicMacro.h">
      <Filter>Header Files</Filter>
    </ClInclude>
    <ClInclude Include="ybBasicTypes.h">
      <Filter>Header Files</Filter>
    </ClInclude>
    <ClInclude Include="ybColor.h">
      <Filter>Header Files</Filter>
    </ClInclude>
    <ClInclude Include="ybDebug.h">
      <Filter>Header Files</Filter>
    </ClInclude>
    <ClInclude Include="ybImageIterator.h">
      <Filter>Header Files</Filter>
    </ClInclude>
    <ClInclude Include="ybMemory.h">
      <Filter>Header Files</Filter>
    </ClInclude>
    <ClInclude Include="ybImageIO.h">
      <Filter>Header Files</Filter>
    </ClInclude>
    <ClInclude Include="ybImageIOManager.h">
      <Filter>Header Files</Filter>
    </ClInclude>
    <ClInclude Include="ybFileHangle.h">
      <Filter>Header Files</Filter>
    </ClInclude>
    <ClInclude Include="ybBMPImageIO.h">
      <Filter>Header Files</Filter>
    </ClInclude>
  </ItemGroup>
</Project>